
Microsoft Visual Studio Solution File, Format Version 12.00
# Visual Studio 15
VisualStudioVersion = 15.0.28010.2003
MinimumVisualStudioVersion = 10.0.40219.1
Project("{FAE04EC0-301F-11D3-BF4B-00C04F79EFBC}") = "SuperAdventure", "SuperAdventure\SuperAdventure.csproj", "{1BCA73E0-F5F0-4957-8B01-19D91A3B1703}"
EndProject
Project("{FAE04EC0-301F-11D3-BF4B-00C04F79EFBC}") = "Engine", "Engine\Engine.csproj", "{30EF4838-AED7-4D27-8082-4933CBD6AAA6}"
EndProject
Global
	GlobalSection(SolutionConfigurationPlatforms) = preSolution
		Debug|Any CPU = Debug|Any CPU
		Release|Any CPU = Release|Any CPU
	EndGlobalSection
	GlobalSection(ProjectConfigurationPlatforms) = postSolution
		{1BCA73E0-F5F0-4957-8B01-19D91A3B1703}.Debug|Any CPU.ActiveCfg = Debug|Any CPU
		{1BCA73E0-F5F0-4957-8B01-19D91A3B1703}.Debug|Any CPU.Build.0 = Debug|Any CPU
		{1BCA73E0-F5F0-4957-8B01-19D91A3B1703}.Release|Any CPU.ActiveCfg = Release|Any CPU
		{1BCA73E0-F5F0-4957-8B01-19D91A3B1703}.Release|Any CPU.Build.0 = Release|Any CPU
		{30EF4838-AED7-4D27-8082-4933CBD6AAA6}.Debug|Any CPU.ActiveCfg = Debug|Any CPU
		{30EF4838-AED7-4D27-8082-4933CBD6AAA6}.Debug|Any CPU.Build.0 = Debug|Any CPU
		{30EF4838-AED7-4D27-8082-4933CBD6AAA6}.Release|Any CPU.ActiveCfg = Release|Any CPU
		{30EF4838-AED7-4D27-8082-4933CBD6AAA6}.Release|Any CPU.Build.0 = Release|Any CPU
	EndGlobalSection
	GlobalSection(SolutionProperties) = preSolution
		HideSolutionNode = FALSE
	EndGlobalSection
	GlobalSection(ExtensibilityGlobals) = postSolution
		SolutionGuid = {B0DF6541-8420-4EA1-A53B-0550251D666E}
	EndGlobalSection
EndGlobal
